// !$*UTF8*$!
{
	archiveVersion = 1;
	classes = {
	};
	objectVersion = 46;
	objects = {

/* Begin PBXBuildFile section */
		041D4A561C054C78003411AF /* AppDelegate.swift in Sources */ = {isa = PBXBuildFile; fileRef = 041D4A551C054C78003411AF /* AppDelegate.swift */; };
		041D4A581C054C78003411AF /* ViewController.swift in Sources */ = {isa = PBXBuildFile; fileRef = 041D4A571C054C78003411AF /* ViewController.swift */; };
		041D4A5B1C054C78003411AF /* Main.storyboard in Resources */ = {isa = PBXBuildFile; fileRef = 041D4A591C054C78003411AF /* Main.storyboard */; };
		041D4A5D1C054C78003411AF /* Assets.xcassets in Resources */ = {isa = PBXBuildFile; fileRef = 041D4A5C1C054C78003411AF /* Assets.xcassets */; };
		041D4A601C054C78003411AF /* LaunchScreen.storyboard in Resources */ = {isa = PBXBuildFile; fileRef = 041D4A5E1C054C78003411AF /* LaunchScreen.storyboard */; };
		041D4A6B1C054C79003411AF /* NearlyThereTests.swift in Sources */ = {isa = PBXBuildFile; fileRef = 041D4A6A1C054C79003411AF /* NearlyThereTests.swift */; };
/* End PBXBuildFile section */

/* Begin PBXContainerItemProxy section */
		041D4A671C054C78003411AF /* PBXContainerItemProxy */ = {
			isa = PBXContainerItemProxy;
			containerPortal = 041D4A4A1C054C78003411AF /* Project object */;
			proxyType = 1;
			remoteGlobalIDString = 041D4A511C054C78003411AF;
			remoteInfo = NearlyThere;
		};
/* End PBXContainerItemProxy section */

/* Begin PBXFileReference section */
		041D4A521C054C78003411AF /* NearlyThere.app */ = {isa = PBXFileReference; explicitFileType = wrapper.application; includeInIndex = 0; path = NearlyThere.app; sourceTree = BUILT_PRODUCTS_DIR; };
		041D4A551C054C78003411AF /* AppDelegate.swift */ = {isa = PBXFileReference; lastKnownFileType = sourcecode.swift; path = AppDelegate.swift; sourceTree = "<group>"; };
		041D4A571C054C78003411AF /* ViewController.swift */ = {isa = PBXFileReference; lastKnownFileType = sourcecode.swift; path = ViewController.swift; sourceTree = "<group>"; };
		041D4A5A1C054C78003411AF /* Base */ = {isa = PBXFileReference; lastKnownFileType = file.storyboard; name = Base; path = Base.lproj/Main.storyboard; sourceTree = "<group>"; };
		041D4A5C1C054C78003411AF /* Assets.xcassets */ = {isa = PBXFileReference; lastKnownFileType = folder.assetcatalog; path = Assets.xcassets; sourceTree = "<group>"; };
		041D4A5F1C054C78003411AF /* Base */ = {isa = PBXFileReference; lastKnownFileType = file.storyboard; name = Base; path = Base.lproj/LaunchScreen.storyboard; sourceTree = "<group>"; };
		041D4A611C054C78003411AF /* Info.plist */ = {isa = PBXFileReference; lastKnownFileType = text.plist.xml; path = Info.plist; sourceTree = "<group>"; };
		041D4A661C054C78003411AF /* NearlyThereTests.xctest */ = {isa = PBXFileReference; explicitFileType = wrapper.cfbundle; includeInIndex = 0; path = NearlyThereTests.xctest; sourceTree = BUILT_PRODUCTS_DIR; };
		041D4A6A1C054C79003411AF /* NearlyThereTests.swift */ = {isa = PBXFileReference; lastKnownFileType = sourcecode.swift; path = NearlyThereTests.swift; sourceTree = "<group>"; };
		041D4A6C1C054C79003411AF /* Info.plist */ = {isa = PBXFileReference; lastKnownFileType = text.plist.xml; path = Info.plist; sourceTree = "<group>"; };
/* End PBXFileReference section */

/* Begin PBXFrameworksBuildPhase section */
		041D4A4F1C054C78003411AF /* Frameworks */ = {
			isa = PBXFrameworksBuildPhase;
			buildActionMask = 2147483647;
			files = (
			);
			runOnlyForDeploymentPostprocessing = 0;
		};
		041D4A631C054C78003411AF /* Frameworks */ = {
			isa = PBXFrameworksBuildPhase;
			buildActionMask = 2147483647;
			files = (
			);
			runOnlyForDeploymentPostprocessing = 0;
		};
/* End PBXFrameworksBuildPhase section */

/* Begin PBXGroup section */
		041D4A491C054C78003411AF = {
			isa = PBXGroup;
			children = (
				041D4A541C054C78003411AF /* NearlyThere */,
				041D4A691C054C78003411AF /* NearlyThereTests */,
				041D4A531C054C78003411AF /* Products */,
			);
			sourceTree = "<group>";
		};
		041D4A531C054C78003411AF /* Products */ = {
			isa = PBXGroup;
			children = (
				041D4A521C054C78003411AF /* NearlyThere.app */,
				041D4A661C054C78003411AF /* NearlyThereTests.xctest */,
			);
			name = Products;
			sourceTree = "<group>";
		};
		041D4A541C054C78003411AF /* NearlyThere */ = {
			isa = PBXGroup;
			children = (
				041D4A551C054C78003411AF /* AppDelegate.swift */,
				041D4A571C054C78003411AF /* ViewController.swift */,
				041D4A591C054C78003411AF /* Main.storyboard */,
				041D4A5C1C054C78003411AF /* Assets.xcassets */,
				041D4A5E1C054C78003411AF /* LaunchScreen.storyboard */,
				041D4A611C054C78003411AF /* Info.plist */,
			);
			path = NearlyThere;
			sourceTree = "<group>";
		};
		041D4A691C054C78003411AF /* NearlyThereTests */ = {
			isa = PBXGroup;
			children = (
				041D4A6A1C054C79003411AF /* NearlyThereTests.swift */,
				041D4A6C1C054C79003411AF /* Info.plist */,
			);
			path = NearlyThereTests;
			sourceTree = "<group>";
		};
/* End PBXGroup section */

/* Begin PBXNativeTarget section */
		041D4A511C054C78003411AF /* NearlyThere */ = {
			isa = PBXNativeTarget;
			buildConfigurationList = 041D4A6F1C054C79003411AF /* Build configuration list for PBXNativeTarget "NearlyThere" */;
			buildPhases = (
				041D4A4E1C054C78003411AF /* Sources */,
				041D4A4F1C054C78003411AF /* Frameworks */,
				041D4A501C054C78003411AF /* Resources */,
			);
			buildRules = (
			);
			dependencies = (
			);
			name = NearlyThere;
			productName = NearlyThere;
			productReference = 041D4A521C054C78003411AF /* NearlyThere.app */;
			productType = "com.apple.product-type.application";
		};
		041D4A651C054C78003411AF /* NearlyThereTests */ = {
			isa = PBXNativeTarget;
			buildConfigurationList = 041D4A721C054C79003411AF /* Build configuration list for PBXNativeTarget "NearlyThereTests" */;
			buildPhases = (
				041D4A621C054C78003411AF /* Sources */,
				041D4A631C054C78003411AF /* Frameworks */,
				041D4A641C054C78003411AF /* Resources */,
			);
			buildRules = (
			);
			dependencies = (
				041D4A681C054C78003411AF /* PBXTargetDependency */,
			);
			name = NearlyThereTests;
			productName = NearlyThereTests;
			productReference = 041D4A661C054C78003411AF /* NearlyThereTests.xctest */;
			productType = "com.apple.product-type.bundle.unit-test";
		};
/* End PBXNativeTarget section */

/* Begin PBXProject section */
		041D4A4A1C054C78003411AF /* Project object */ = {
			isa = PBXProject;
			attributes = {
				LastSwiftUpdateCheck = 0710;
				LastUpgradeCheck = 0710;
				ORGANIZATIONNAME = wj;
				TargetAttributes = {
					041D4A511C054C78003411AF = {
						CreatedOnToolsVersion = 7.1;
					};
					041D4A651C054C78003411AF = {
						CreatedOnToolsVersion = 7.1;
						TestTargetID = 041D4A511C054C78003411AF;
					};
				};
			};
			buildConfigurationList = 041D4A4D1C054C78003411AF /* Build configuration list for PBXProject "NearlyThere" */;
			compatibilityVersion = "Xcode 3.2";
			developmentRegion = English;
			hasScannedForEncodings = 0;
			knownRegions = (
				en,
				Base,
			);
			mainGroup = 041D4A491C054C78003411AF;
			productRefGroup = 041D4A531C054C78003411AF /* Products */;
			projectDirPath = "";
			projectRoot = "";
			targets = (
				041D4A511C054C78003411AF /* NearlyThere */,
				041D4A651C054C78003411AF /* NearlyThereTests */,
			);
		};
/* End PBXProject section */

/* Begin PBXResourcesBuildPhase section */
		041D4A501C054C78003411AF /* Resources */ = {
			isa = PBXResourcesBuildPhase;
			buildActionMask = 2147483647;
			files = (
				041D4A601C054C78003411AF /* LaunchScreen.storyboard in Resources */,
				041D4A5D1C054C78003411AF /* Assets.xcassets in Resources */,
				041D4A5B1C054C78003411AF /* Main.storyboard in Resources */,
			);
			runOnlyForDeploymentPostprocessing = 0;
		};
		041D4A641C054C78003411AF /* Resources */ = {
			isa = PBXResourcesBuildPhase;
			buildActionMask = 2147483647;
			files = (
			);
			runOnlyForDeploymentPostprocessing = 0;
		};
/* End PBXResourcesBuildPhase section */

/* Begin PBXSourcesBuildPhase section */
		041D4A4E1C054C78003411AF /* Sources */ = {
			isa = PBXSourcesBuildPhase;
			buildActionMask = 2147483647;
			files = (
				041D4A581C054C78003411AF /* ViewController.swift in Sources */,
				041D4A561C054C78003411AF /* AppDelegate.swift in Sources */,
			);
			runOnlyForDeploymentPostprocessing = 0;
		};
		041D4A621C054C78003411AF /* Sources */ = {
			isa = PBXSourcesBuildPhase;
			buildActionMask = 2147483647;
			files = (
				041D4A6B1C054C79003411AF /* NearlyThereTests.swift in Sources */,
			);
			runOnlyForDeploymentPostprocessing = 0;
		};
/* End PBXSourcesBuildPhase section */

/* Begin PBXTargetDependency section */
		041D4A681C054C78003411AF /* PBXTargetDependency */ = {
			isa = PBXTargetDependency;
			target = 041D4A511C054C78003411AF /* NearlyThere */;
			targetProxy = 041D4A671C054C78003411AF /* PBXContainerItemProxy */;
		};
/* End PBXTargetDependency section */

/* Begin PBXVariantGroup section */
		041D4A591C054C78003411AF /* Main.storyboard */ = {
			isa = PBXVariantGroup;
			children = (
				041D4A5A1C054C78003411AF /* Base */,
			);
			name = Main.storyboard;
			sourceTree = "<group>";
		};
		041D4A5E1C054C78003411AF /* LaunchScreen.storyboard */ = {
			isa = PBXVariantGroup;
			children = (
				041D4A5F1C054C78003411AF /* Base */,
			);
			name = LaunchScreen.storyboard;
			sourceTree = "<group>";
		};
/* End PBXVariantGroup section */

/* Begin XCBuildConfiguration section */
		041D4A6D1C054C79003411AF /* Debug */ = {
			isa = XCBuildConfiguration;
			buildSettings = {
				ALWAYS_SEARCH_USER_PATHS = NO;
				CLANG_CXX_LANGUAGE_STANDARD = "gnu++0x";
				CLANG_CXX_LIBRARY = "libc++";
				CLANG_ENABLE_MODULES = YES;
				CLANG_ENABLE_OBJC_ARC = YES;
				CLANG_WARN_BOOL_CONVERSION = YES;
				CLANG_WARN_CONSTANT_CONVERSION = YES;
				CLANG_WARN_DIRECT_OBJC_ISA_USAGE = YES_ERROR;
				CLANG_WARN_EMPTY_BODY = YES;
				CLANG_WARN_ENUM_CONVERSION = YES;
				CLANG_WARN_INT_CONVERSION = YES;
				CLANG_WARN_OBJC_ROOT_CLASS = YES_ERROR;
				CLANG_WARN_UNREACHABLE_CODE = YES;
				CLANG_WARN__DUPLICATE_METHOD_MATCH = YES;
				"CODE_SIGN_IDENTITY[sdk=iphoneos*]" = "iPhone Developer";
				COPY_PHASE_STRIP = NO;
				DEBUG_INFORMATION_FORMAT = dwarf;
				ENABLE_STRICT_OBJC_MSGSEND = YES;
				ENABLE_TESTABILITY = YES;
				GCC_C_LANGUAGE_STANDARD = gnu99;
				GCC_DYNAMIC_NO_PIC = NO;
				GCC_NO_COMMON_BLOCKS = YES;
				GCC_OPTIMIZATION_LEVEL = 0;
				GCC_PREPROCESSOR_DEFINITIONS = (
					"DEBUG=1",
					"$(inherited)",
				);
				GCC_WARN_64_TO_32_BIT_CONVERSION = YES;
				GCC_WARN_ABOUT_RETURN_TYPE = YES_ERROR;
				GCC_WARN_UNDECLARED_SELECTOR = YES;
				GCC_WARN_UNINITIALIZED_AUTOS = YES_AGGRESSIVE;
				GCC_WARN_UNUSED_FUNCTION = YES;
				GCC_WARN_UNUSED_VARIABLE = YES;
				IPHONEOS_DEPLOYMENT_TARGET = 9.1;
				MTL_ENABLE_DEBUG_INFO = YES;
				ONLY_ACTIVE_ARCH = YES;
				SDKROOT = iphoneos;
				SWIFT_OPTIMIZATION_LEVEL = "-Onone";
			};
			name = Debug;
		};
		041D4A6E1C054C79003411AF /* Release */ = {
			isa = XCBuildConfiguration;
			buildSettings = {
				ALWAYS_SEARCH_USER_PATHS = NO;
				CLANG_CXX_LANGUAGE_STANDARD = "gnu++0x";
				CLANG_CXX_LIBRARY = "libc++";
				CLANG_ENABLE_MODULES = YES;
				CLANG_ENABLE_OBJC_ARC = YES;
				CLANG_WARN_BOOL_CONVERSION = YES;
				CLANG_WARN_CONSTANT_CONVERSION = YES;
				CLANG_WARN_DIRECT_OBJC_ISA_USAGE = YES_ERROR;
				CLANG_WARN_EMPTY_BODY = YES;
				CLANG_WARN_ENUM_CONVERSION = YES;
				CLANG_WARN_INT_CONVERSION = YES;
				CLANG_WARN_OBJC_ROOT_CLASS = YES_ERROR;
				CLANG_WARN_UNREACHABLE_CODE = YES;
				CLANG_WARN__DUPLICATE_METHOD_MATCH = YES;
				"CODE_SIGN_IDENTITY[sdk=iphoneos*]" = "iPhone Developer";
				COPY_PHASE_STRIP = NO;
				DEBUG_INFORMATION_FORMAT = "dwarf-with-dsym";
				ENABLE_NS_ASSERTIONS = NO;
				ENABLE_STRICT_OBJC_MSGSEND = YES;
				GCC_C_LANGUAGE_STANDARD = gnu99;
				GCC_NO_COMMON_BLOCKS = YES;
				GCC_WARN_64_TO_32_BIT_CONVERSION = YES;
				GCC_WARN_ABOUT_RETURN_TYPE = YES_ERROR;
				GCC_WARN_UNDECLARED_SELECTOR = YES;
				GCC_WARN_UNINITIALIZED_AUTOS = YES_AGGRESSIVE;
				GCC_WARN_UNUSED_FUNCTION = YES;
				GCC_WARN_UNUSED_VARIABLE = YES;
				IPHONEOS_DEPLOYMENT_TARGET = 9.1;
				MTL_ENABLE_DEBUG_INFO = NO;
				SDKROOT = iphoneos;
				VALIDATE_PRODUCT = YES;
			};
			name = Release;
		};
		041D4A701C054C79003411AF /* Debug */ = {
			isa = XCBuildConfiguration;
			buildSettings = {
				ASSETCATALOG_COMPILER_APPICON_NAME = AppIcon;
				INFOPLIST_FILE = NearlyThere/Info.plist;
				LD_RUNPATH_SEARCH_PATHS = "$(inherited) @executable_path/Frameworks";
				PRODUCT_BUNDLE_IDENTIFIER = wj.NearlyThere;
				PRODUCT_NAME = "$(TARGET_NAME)";
			};
			name = Debug;
		};
		041D4A711C054C79003411AF /* Release */ = {
			isa = XCBuildConfiguration;
			buildSettings = {
				ASSETCATALOG_COMPILER_APPICON_NAME = AppIcon;
				INFOPLIST_FILE = NearlyThere/Info.plist;
				LD_RUNPATH_SEARCH_PATHS = "$(inherited) @executable_path/Frameworks";
				PRODUCT_BUNDLE_IDENTIFIER = wj.NearlyThere;
				PRODUCT_NAME = "$(TARGET_NAME)";
			};
			name = Release;
		};
		041D4A731C054C79003411AF /* Debug */ = {
			isa = XCBuildConfiguration;
			buildSettings = {
				BUNDLE_LOADER = "$(TEST_HOST)";
				INFOPLIST_FILE = NearlyThereTests/Info.plist;
				LD_RUNPATH_SEARCH_PATHS = "$(inherited) @executable_path/Frameworks @loader_path/Frameworks";
				PRODUCT_BUNDLE_IDENTIFIER = wj.NearlyThereTests;
				PRODUCT_NAME = "$(TARGET_NAME)";
				TEST_HOST = "$(BUILT_PRODUCTS_DIR)/NearlyThere.app/NearlyThere";
			};
			name = Debug;
		};
		041D4A741C054C79003411AF /* Release */ = {
			isa = XCBuildConfiguration;
			buildSettings = {
				BUNDLE_LOADER = "$(TEST_HOST)";
				INFOPLIST_FILE = NearlyThereTests/Info.plist;
				LD_RUNPATH_SEARCH_PATHS = "$(inherited) @executable_path/Frameworks @loader_path/Frameworks";
				PRODUCT_BUNDLE_IDENTIFIER = wj.NearlyThereTests;
				PRODUCT_NAME = "$(TARGET_NAME)";
				TEST_HOST = "$(BUILT_PRODUCTS_DIR)/NearlyThere.app/NearlyThere";
			};
			name = Release;
		};
/* End XCBuildConfiguration section */

/* Begin XCConfigurationList section */
		041D4A4D1C054C78003411AF /* Build configuration list for PBXProject "NearlyThere" */ = {
			isa = XCConfigurationList;
			buildConfigurations = (
				041D4A6D1C054C79003411AF /* Debug */,
				041D4A6E1C054C79003411AF /* Release */,
			);
			defaultConfigurationIsVisible = 0;
			defaultConfigurationName = Release;
		};
		041D4A6F1C054C79003411AF /* Build configuration list for PBXNativeTarget "NearlyThere" */ = {
			isa = XCConfigurationList;
			buildConfigurations = (
				041D4A701C054C79003411AF /* Debug */,
				041D4A711C054C79003411AF /* Release */,
			);
			defaultConfigurationIsVisible = 0;
		};
		041D4A721C054C79003411AF /* Build configuration list for PBXNativeTarget "NearlyThereTests" */ = {
			isa = XCConfigurationList;
			buildConfigurations = (
				041D4A731C054C79003411AF /* Debug */,
				041D4A741C054C79003411AF /* Release */,
			);
			defaultConfigurationIsVisible = 0;
		};
/* End XCConfigurationList section */
	};
	rootObject = 041D4A4A1C054C78003411AF /* Project object */;
}
