// !$*UTF8*$!
{
	archiveVersion = 1;
	classes = {
	};
	objectVersion = 46;
	objects = {

/* Begin PBXBuildFile section */
		0459FE231BDDF077000BB133 /* AppDelegate.swift in Sources */ = {isa = PBXBuildFile; fileRef = 0459FE221BDDF077000BB133 /* AppDelegate.swift */; };
		0459FE251BDDF077000BB133 /* ViewController.swift in Sources */ = {isa = PBXBuildFile; fileRef = 0459FE241BDDF077000BB133 /* ViewController.swift */; };
		0459FE281BDDF077000BB133 /* Main.storyboard in Resources */ = {isa = PBXBuildFile; fileRef = 0459FE261BDDF077000BB133 /* Main.storyboard */; };
		0459FE2A1BDDF078000BB133 /* Assets.xcassets in Resources */ = {isa = PBXBuildFile; fileRef = 0459FE291BDDF078000BB133 /* Assets.xcassets */; };
		0459FE2D1BDDF078000BB133 /* LaunchScreen.storyboard in Resources */ = {isa = PBXBuildFile; fileRef = 0459FE2B1BDDF078000BB133 /* LaunchScreen.storyboard */; };
		0459FE381BDDF078000BB133 /* MagicTableTests.swift in Sources */ = {isa = PBXBuildFile; fileRef = 0459FE371BDDF078000BB133 /* MagicTableTests.swift */; };
		0459FE431BDDF160000BB133 /* CustomFontCell.swift in Sources */ = {isa = PBXBuildFile; fileRef = 0459FE421BDDF160000BB133 /* CustomFontCell.swift */; };
		0459FE451BDDF1CF000BB133 /* MTTableViewController.swift in Sources */ = {isa = PBXBuildFile; fileRef = 0459FE441BDDF1CF000BB133 /* MTTableViewController.swift */; };
/* End PBXBuildFile section */

/* Begin PBXContainerItemProxy section */
		0459FE341BDDF078000BB133 /* PBXContainerItemProxy */ = {
			isa = PBXContainerItemProxy;
			containerPortal = 0459FE171BDDF077000BB133 /* Project object */;
			proxyType = 1;
			remoteGlobalIDString = 0459FE1E1BDDF077000BB133;
			remoteInfo = MagicTable;
		};
/* End PBXContainerItemProxy section */

/* Begin PBXFileReference section */
		0459FE1F1BDDF077000BB133 /* MagicTable.app */ = {isa = PBXFileReference; explicitFileType = wrapper.application; includeInIndex = 0; path = MagicTable.app; sourceTree = BUILT_PRODUCTS_DIR; };
		0459FE221BDDF077000BB133 /* AppDelegate.swift */ = {isa = PBXFileReference; lastKnownFileType = sourcecode.swift; path = AppDelegate.swift; sourceTree = "<group>"; };
		0459FE241BDDF077000BB133 /* ViewController.swift */ = {isa = PBXFileReference; lastKnownFileType = sourcecode.swift; path = ViewController.swift; sourceTree = "<group>"; };
		0459FE271BDDF077000BB133 /* Base */ = {isa = PBXFileReference; lastKnownFileType = file.storyboard; name = Base; path = Base.lproj/Main.storyboard; sourceTree = "<group>"; };
		0459FE291BDDF078000BB133 /* Assets.xcassets */ = {isa = PBXFileReference; lastKnownFileType = folder.assetcatalog; path = Assets.xcassets; sourceTree = "<group>"; };
		0459FE2C1BDDF078000BB133 /* Base */ = {isa = PBXFileReference; lastKnownFileType = file.storyboard; name = Base; path = Base.lproj/LaunchScreen.storyboard; sourceTree = "<group>"; };
		0459FE2E1BDDF078000BB133 /* Info.plist */ = {isa = PBXFileReference; lastKnownFileType = text.plist.xml; path = Info.plist; sourceTree = "<group>"; };
		0459FE331BDDF078000BB133 /* MagicTableTests.xctest */ = {isa = PBXFileReference; explicitFileType = wrapper.cfbundle; includeInIndex = 0; path = MagicTableTests.xctest; sourceTree = BUILT_PRODUCTS_DIR; };
		0459FE371BDDF078000BB133 /* MagicTableTests.swift */ = {isa = PBXFileReference; lastKnownFileType = sourcecode.swift; path = MagicTableTests.swift; sourceTree = "<group>"; };
		0459FE391BDDF078000BB133 /* Info.plist */ = {isa = PBXFileReference; lastKnownFileType = text.plist.xml; path = Info.plist; sourceTree = "<group>"; };
		0459FE421BDDF160000BB133 /* CustomFontCell.swift */ = {isa = PBXFileReference; fileEncoding = 4; lastKnownFileType = sourcecode.swift; path = CustomFontCell.swift; sourceTree = "<group>"; };
		0459FE441BDDF1CF000BB133 /* MTTableViewController.swift */ = {isa = PBXFileReference; fileEncoding = 4; lastKnownFileType = sourcecode.swift; path = MTTableViewController.swift; sourceTree = "<group>"; };
/* End PBXFileReference section */

/* Begin PBXFrameworksBuildPhase section */
		0459FE1C1BDDF077000BB133 /* Frameworks */ = {
			isa = PBXFrameworksBuildPhase;
			buildActionMask = 2147483647;
			files = (
			);
			runOnlyForDeploymentPostprocessing = 0;
		};
		0459FE301BDDF078000BB133 /* Frameworks */ = {
			isa = PBXFrameworksBuildPhase;
			buildActionMask = 2147483647;
			files = (
			);
			runOnlyForDeploymentPostprocessing = 0;
		};
/* End PBXFrameworksBuildPhase section */

/* Begin PBXGroup section */
		0459FE161BDDF077000BB133 = {
			isa = PBXGroup;
			children = (
				0459FE211BDDF077000BB133 /* MagicTable */,
				0459FE361BDDF078000BB133 /* MagicTableTests */,
				0459FE201BDDF077000BB133 /* Products */,
			);
			sourceTree = "<group>";
		};
		0459FE201BDDF077000BB133 /* Products */ = {
			isa = PBXGroup;
			children = (
				0459FE1F1BDDF077000BB133 /* MagicTable.app */,
				0459FE331BDDF078000BB133 /* MagicTableTests.xctest */,
			);
			name = Products;
			sourceTree = "<group>";
		};
		0459FE211BDDF077000BB133 /* MagicTable */ = {
			isa = PBXGroup;
			children = (
				0459FE221BDDF077000BB133 /* AppDelegate.swift */,
				0459FE241BDDF077000BB133 /* ViewController.swift */,
				0459FE441BDDF1CF000BB133 /* MTTableViewController.swift */,
				0459FE261BDDF077000BB133 /* Main.storyboard */,
				0459FE421BDDF160000BB133 /* CustomFontCell.swift */,
				0459FE291BDDF078000BB133 /* Assets.xcassets */,
				0459FE2B1BDDF078000BB133 /* LaunchScreen.storyboard */,
				0459FE2E1BDDF078000BB133 /* Info.plist */,
			);
			path = MagicTable;
			sourceTree = "<group>";
		};
		0459FE361BDDF078000BB133 /* MagicTableTests */ = {
			isa = PBXGroup;
			children = (
				0459FE371BDDF078000BB133 /* MagicTableTests.swift */,
				0459FE391BDDF078000BB133 /* Info.plist */,
			);
			path = MagicTableTests;
			sourceTree = "<group>";
		};
/* End PBXGroup section */

/* Begin PBXNativeTarget section */
		0459FE1E1BDDF077000BB133 /* MagicTable */ = {
			isa = PBXNativeTarget;
			buildConfigurationList = 0459FE3C1BDDF078000BB133 /* Build configuration list for PBXNativeTarget "MagicTable" */;
			buildPhases = (
				0459FE1B1BDDF077000BB133 /* Sources */,
				0459FE1C1BDDF077000BB133 /* Frameworks */,
				0459FE1D1BDDF077000BB133 /* Resources */,
			);
			buildRules = (
			);
			dependencies = (
			);
			name = MagicTable;
			productName = MagicTable;
			productReference = 0459FE1F1BDDF077000BB133 /* MagicTable.app */;
			productType = "com.apple.product-type.application";
		};
		0459FE321BDDF078000BB133 /* MagicTableTests */ = {
			isa = PBXNativeTarget;
			buildConfigurationList = 0459FE3F1BDDF078000BB133 /* Build configuration list for PBXNativeTarget "MagicTableTests" */;
			buildPhases = (
				0459FE2F1BDDF078000BB133 /* Sources */,
				0459FE301BDDF078000BB133 /* Frameworks */,
				0459FE311BDDF078000BB133 /* Resources */,
			);
			buildRules = (
			);
			dependencies = (
				0459FE351BDDF078000BB133 /* PBXTargetDependency */,
			);
			name = MagicTableTests;
			productName = MagicTableTests;
			productReference = 0459FE331BDDF078000BB133 /* MagicTableTests.xctest */;
			productType = "com.apple.product-type.bundle.unit-test";
		};
/* End PBXNativeTarget section */

/* Begin PBXProject section */
		0459FE171BDDF077000BB133 /* Project object */ = {
			isa = PBXProject;
			attributes = {
				LastSwiftUpdateCheck = 0710;
				LastUpgradeCheck = 0710;
				ORGANIZATIONNAME = wj;
				TargetAttributes = {
					0459FE1E1BDDF077000BB133 = {
						CreatedOnToolsVersion = 7.1;
					};
					0459FE321BDDF078000BB133 = {
						CreatedOnToolsVersion = 7.1;
						TestTargetID = 0459FE1E1BDDF077000BB133;
					};
				};
			};
			buildConfigurationList = 0459FE1A1BDDF077000BB133 /* Build configuration list for PBXProject "MagicTable" */;
			compatibilityVersion = "Xcode 3.2";
			developmentRegion = English;
			hasScannedForEncodings = 0;
			knownRegions = (
				en,
				Base,
			);
			mainGroup = 0459FE161BDDF077000BB133;
			productRefGroup = 0459FE201BDDF077000BB133 /* Products */;
			projectDirPath = "";
			projectRoot = "";
			targets = (
				0459FE1E1BDDF077000BB133 /* MagicTable */,
				0459FE321BDDF078000BB133 /* MagicTableTests */,
			);
		};
/* End PBXProject section */

/* Begin PBXResourcesBuildPhase section */
		0459FE1D1BDDF077000BB133 /* Resources */ = {
			isa = PBXResourcesBuildPhase;
			buildActionMask = 2147483647;
			files = (
				0459FE2D1BDDF078000BB133 /* LaunchScreen.storyboard in Resources */,
				0459FE2A1BDDF078000BB133 /* Assets.xcassets in Resources */,
				0459FE281BDDF077000BB133 /* Main.storyboard in Resources */,
			);
			runOnlyForDeploymentPostprocessing = 0;
		};
		0459FE311BDDF078000BB133 /* Resources */ = {
			isa = PBXResourcesBuildPhase;
			buildActionMask = 2147483647;
			files = (
			);
			runOnlyForDeploymentPostprocessing = 0;
		};
/* End PBXResourcesBuildPhase section */

/* Begin PBXSourcesBuildPhase section */
		0459FE1B1BDDF077000BB133 /* Sources */ = {
			isa = PBXSourcesBuildPhase;
			buildActionMask = 2147483647;
			files = (
				0459FE431BDDF160000BB133 /* CustomFontCell.swift in Sources */,
				0459FE251BDDF077000BB133 /* ViewController.swift in Sources */,
				0459FE451BDDF1CF000BB133 /* MTTableViewController.swift in Sources */,
				0459FE231BDDF077000BB133 /* AppDelegate.swift in Sources */,
			);
			runOnlyForDeploymentPostprocessing = 0;
		};
		0459FE2F1BDDF078000BB133 /* Sources */ = {
			isa = PBXSourcesBuildPhase;
			buildActionMask = 2147483647;
			files = (
				0459FE381BDDF078000BB133 /* MagicTableTests.swift in Sources */,
			);
			runOnlyForDeploymentPostprocessing = 0;
		};
/* End PBXSourcesBuildPhase section */

/* Begin PBXTargetDependency section */
		0459FE351BDDF078000BB133 /* PBXTargetDependency */ = {
			isa = PBXTargetDependency;
			target = 0459FE1E1BDDF077000BB133 /* MagicTable */;
			targetProxy = 0459FE341BDDF078000BB133 /* PBXContainerItemProxy */;
		};
/* End PBXTargetDependency section */

/* Begin PBXVariantGroup section */
		0459FE261BDDF077000BB133 /* Main.storyboard */ = {
			isa = PBXVariantGroup;
			children = (
				0459FE271BDDF077000BB133 /* Base */,
			);
			name = Main.storyboard;
			sourceTree = "<group>";
		};
		0459FE2B1BDDF078000BB133 /* LaunchScreen.storyboard */ = {
			isa = PBXVariantGroup;
			children = (
				0459FE2C1BDDF078000BB133 /* Base */,
			);
			name = LaunchScreen.storyboard;
			sourceTree = "<group>";
		};
/* End PBXVariantGroup section */

/* Begin XCBuildConfiguration section */
		0459FE3A1BDDF078000BB133 /* Debug */ = {
			isa = XCBuildConfiguration;
			buildSettings = {
				ALWAYS_SEARCH_USER_PATHS = NO;
				CLANG_CXX_LANGUAGE_STANDARD = "gnu++0x";
				CLANG_CXX_LIBRARY = "libc++";
				CLANG_ENABLE_MODULES = YES;
				CLANG_ENABLE_OBJC_ARC = YES;
				CLANG_WARN_BOOL_CONVERSION = YES;
				CLANG_WARN_CONSTANT_CONVERSION = YES;
				CLANG_WARN_DIRECT_OBJC_ISA_USAGE = YES_ERROR;
				CLANG_WARN_EMPTY_BODY = YES;
				CLANG_WARN_ENUM_CONVERSION = YES;
				CLANG_WARN_INT_CONVERSION = YES;
				CLANG_WARN_OBJC_ROOT_CLASS = YES_ERROR;
				CLANG_WARN_UNREACHABLE_CODE = YES;
				CLANG_WARN__DUPLICATE_METHOD_MATCH = YES;
				"CODE_SIGN_IDENTITY[sdk=iphoneos*]" = "iPhone Developer";
				COPY_PHASE_STRIP = NO;
				DEBUG_INFORMATION_FORMAT = dwarf;
				ENABLE_STRICT_OBJC_MSGSEND = YES;
				ENABLE_TESTABILITY = YES;
				GCC_C_LANGUAGE_STANDARD = gnu99;
				GCC_DYNAMIC_NO_PIC = NO;
				GCC_NO_COMMON_BLOCKS = YES;
				GCC_OPTIMIZATION_LEVEL = 0;
				GCC_PREPROCESSOR_DEFINITIONS = (
					"DEBUG=1",
					"$(inherited)",
				);
				GCC_WARN_64_TO_32_BIT_CONVERSION = YES;
				GCC_WARN_ABOUT_RETURN_TYPE = YES_ERROR;
				GCC_WARN_UNDECLARED_SELECTOR = YES;
				GCC_WARN_UNINITIALIZED_AUTOS = YES_AGGRESSIVE;
				GCC_WARN_UNUSED_FUNCTION = YES;
				GCC_WARN_UNUSED_VARIABLE = YES;
				IPHONEOS_DEPLOYMENT_TARGET = 9.1;
				MTL_ENABLE_DEBUG_INFO = YES;
				ONLY_ACTIVE_ARCH = YES;
				SDKROOT = iphoneos;
				SWIFT_OPTIMIZATION_LEVEL = "-Onone";
			};
			name = Debug;
		};
		0459FE3B1BDDF078000BB133 /* Release */ = {
			isa = XCBuildConfiguration;
			buildSettings = {
				ALWAYS_SEARCH_USER_PATHS = NO;
				CLANG_CXX_LANGUAGE_STANDARD = "gnu++0x";
				CLANG_CXX_LIBRARY = "libc++";
				CLANG_ENABLE_MODULES = YES;
				CLANG_ENABLE_OBJC_ARC = YES;
				CLANG_WARN_BOOL_CONVERSION = YES;
				CLANG_WARN_CONSTANT_CONVERSION = YES;
				CLANG_WARN_DIRECT_OBJC_ISA_USAGE = YES_ERROR;
				CLANG_WARN_EMPTY_BODY = YES;
				CLANG_WARN_ENUM_CONVERSION = YES;
				CLANG_WARN_INT_CONVERSION = YES;
				CLANG_WARN_OBJC_ROOT_CLASS = YES_ERROR;
				CLANG_WARN_UNREACHABLE_CODE = YES;
				CLANG_WARN__DUPLICATE_METHOD_MATCH = YES;
				"CODE_SIGN_IDENTITY[sdk=iphoneos*]" = "iPhone Developer";
				COPY_PHASE_STRIP = NO;
				DEBUG_INFORMATION_FORMAT = "dwarf-with-dsym";
				ENABLE_NS_ASSERTIONS = NO;
				ENABLE_STRICT_OBJC_MSGSEND = YES;
				GCC_C_LANGUAGE_STANDARD = gnu99;
				GCC_NO_COMMON_BLOCKS = YES;
				GCC_WARN_64_TO_32_BIT_CONVERSION = YES;
				GCC_WARN_ABOUT_RETURN_TYPE = YES_ERROR;
				GCC_WARN_UNDECLARED_SELECTOR = YES;
				GCC_WARN_UNINITIALIZED_AUTOS = YES_AGGRESSIVE;
				GCC_WARN_UNUSED_FUNCTION = YES;
				GCC_WARN_UNUSED_VARIABLE = YES;
				IPHONEOS_DEPLOYMENT_TARGET = 9.1;
				MTL_ENABLE_DEBUG_INFO = NO;
				SDKROOT = iphoneos;
				VALIDATE_PRODUCT = YES;
			};
			name = Release;
		};
		0459FE3D1BDDF078000BB133 /* Debug */ = {
			isa = XCBuildConfiguration;
			buildSettings = {
				ASSETCATALOG_COMPILER_APPICON_NAME = AppIcon;
				INFOPLIST_FILE = MagicTable/Info.plist;
				IPHONEOS_DEPLOYMENT_TARGET = 8.1;
				LD_RUNPATH_SEARCH_PATHS = "$(inherited) @executable_path/Frameworks";
				PRODUCT_BUNDLE_IDENTIFIER = wj.MagicTable;
				PRODUCT_NAME = "$(TARGET_NAME)";
			};
			name = Debug;
		};
		0459FE3E1BDDF078000BB133 /* Release */ = {
			isa = XCBuildConfiguration;
			buildSettings = {
				ASSETCATALOG_COMPILER_APPICON_NAME = AppIcon;
				INFOPLIST_FILE = MagicTable/Info.plist;
				IPHONEOS_DEPLOYMENT_TARGET = 8.1;
				LD_RUNPATH_SEARCH_PATHS = "$(inherited) @executable_path/Frameworks";
				PRODUCT_BUNDLE_IDENTIFIER = wj.MagicTable;
				PRODUCT_NAME = "$(TARGET_NAME)";
			};
			name = Release;
		};
		0459FE401BDDF078000BB133 /* Debug */ = {
			isa = XCBuildConfiguration;
			buildSettings = {
				BUNDLE_LOADER = "$(TEST_HOST)";
				INFOPLIST_FILE = MagicTableTests/Info.plist;
				LD_RUNPATH_SEARCH_PATHS = "$(inherited) @executable_path/Frameworks @loader_path/Frameworks";
				PRODUCT_BUNDLE_IDENTIFIER = wj.MagicTableTests;
				PRODUCT_NAME = "$(TARGET_NAME)";
				TEST_HOST = "$(BUILT_PRODUCTS_DIR)/MagicTable.app/MagicTable";
			};
			name = Debug;
		};
		0459FE411BDDF078000BB133 /* Release */ = {
			isa = XCBuildConfiguration;
			buildSettings = {
				BUNDLE_LOADER = "$(TEST_HOST)";
				INFOPLIST_FILE = MagicTableTests/Info.plist;
				LD_RUNPATH_SEARCH_PATHS = "$(inherited) @executable_path/Frameworks @loader_path/Frameworks";
				PRODUCT_BUNDLE_IDENTIFIER = wj.MagicTableTests;
				PRODUCT_NAME = "$(TARGET_NAME)";
				TEST_HOST = "$(BUILT_PRODUCTS_DIR)/MagicTable.app/MagicTable";
			};
			name = Release;
		};
/* End XCBuildConfiguration section */

/* Begin XCConfigurationList section */
		0459FE1A1BDDF077000BB133 /* Build configuration list for PBXProject "MagicTable" */ = {
			isa = XCConfigurationList;
			buildConfigurations = (
				0459FE3A1BDDF078000BB133 /* Debug */,
				0459FE3B1BDDF078000BB133 /* Release */,
			);
			defaultConfigurationIsVisible = 0;
			defaultConfigurationName = Release;
		};
		0459FE3C1BDDF078000BB133 /* Build configuration list for PBXNativeTarget "MagicTable" */ = {
			isa = XCConfigurationList;
			buildConfigurations = (
				0459FE3D1BDDF078000BB133 /* Debug */,
				0459FE3E1BDDF078000BB133 /* Release */,
			);
			defaultConfigurationIsVisible = 0;
		};
		0459FE3F1BDDF078000BB133 /* Build configuration list for PBXNativeTarget "MagicTableTests" */ = {
			isa = XCConfigurationList;
			buildConfigurations = (
				0459FE401BDDF078000BB133 /* Debug */,
				0459FE411BDDF078000BB133 /* Release */,
			);
			defaultConfigurationIsVisible = 0;
		};
/* End XCConfigurationList section */
	};
	rootObject = 0459FE171BDDF077000BB133 /* Project object */;
}
