// !$*UTF8*$!
{
	archiveVersion = 1;
	classes = {
	};
	objectVersion = 46;
	objects = {

/* Begin PBXBuildFile section */
		041969D31BFEC38D003FA465 /* AppDelegate.swift in Sources */ = {isa = PBXBuildFile; fileRef = 041969D21BFEC38D003FA465 /* AppDelegate.swift */; };
		041969D51BFEC38D003FA465 /* ViewController.swift in Sources */ = {isa = PBXBuildFile; fileRef = 041969D41BFEC38D003FA465 /* ViewController.swift */; };
		041969D81BFEC38D003FA465 /* Main.storyboard in Resources */ = {isa = PBXBuildFile; fileRef = 041969D61BFEC38D003FA465 /* Main.storyboard */; };
		041969DA1BFEC38D003FA465 /* Assets.xcassets in Resources */ = {isa = PBXBuildFile; fileRef = 041969D91BFEC38D003FA465 /* Assets.xcassets */; };
		041969DD1BFEC38D003FA465 /* LaunchScreen.storyboard in Resources */ = {isa = PBXBuildFile; fileRef = 041969DB1BFEC38D003FA465 /* LaunchScreen.storyboard */; };
		041969E81BFEC38D003FA465 /* TouchyFeelyTests.swift in Sources */ = {isa = PBXBuildFile; fileRef = 041969E71BFEC38D003FA465 /* TouchyFeelyTests.swift */; };
		041969F31BFEC406003FA465 /* KeyChainStore.swift in Sources */ = {isa = PBXBuildFile; fileRef = 041969F21BFEC406003FA465 /* KeyChainStore.swift */; };
/* End PBXBuildFile section */

/* Begin PBXContainerItemProxy section */
		041969E41BFEC38D003FA465 /* PBXContainerItemProxy */ = {
			isa = PBXContainerItemProxy;
			containerPortal = 041969C71BFEC38D003FA465 /* Project object */;
			proxyType = 1;
			remoteGlobalIDString = 041969CE1BFEC38D003FA465;
			remoteInfo = TouchyFeely;
		};
/* End PBXContainerItemProxy section */

/* Begin PBXFileReference section */
		041969CF1BFEC38D003FA465 /* TouchyFeely.app */ = {isa = PBXFileReference; explicitFileType = wrapper.application; includeInIndex = 0; path = TouchyFeely.app; sourceTree = BUILT_PRODUCTS_DIR; };
		041969D21BFEC38D003FA465 /* AppDelegate.swift */ = {isa = PBXFileReference; lastKnownFileType = sourcecode.swift; path = AppDelegate.swift; sourceTree = "<group>"; };
		041969D41BFEC38D003FA465 /* ViewController.swift */ = {isa = PBXFileReference; lastKnownFileType = sourcecode.swift; path = ViewController.swift; sourceTree = "<group>"; };
		041969D71BFEC38D003FA465 /* Base */ = {isa = PBXFileReference; lastKnownFileType = file.storyboard; name = Base; path = Base.lproj/Main.storyboard; sourceTree = "<group>"; };
		041969D91BFEC38D003FA465 /* Assets.xcassets */ = {isa = PBXFileReference; lastKnownFileType = folder.assetcatalog; path = Assets.xcassets; sourceTree = "<group>"; };
		041969DC1BFEC38D003FA465 /* Base */ = {isa = PBXFileReference; lastKnownFileType = file.storyboard; name = Base; path = Base.lproj/LaunchScreen.storyboard; sourceTree = "<group>"; };
		041969DE1BFEC38D003FA465 /* Info.plist */ = {isa = PBXFileReference; lastKnownFileType = text.plist.xml; path = Info.plist; sourceTree = "<group>"; };
		041969E31BFEC38D003FA465 /* TouchyFeelyTests.xctest */ = {isa = PBXFileReference; explicitFileType = wrapper.cfbundle; includeInIndex = 0; path = TouchyFeelyTests.xctest; sourceTree = BUILT_PRODUCTS_DIR; };
		041969E71BFEC38D003FA465 /* TouchyFeelyTests.swift */ = {isa = PBXFileReference; lastKnownFileType = sourcecode.swift; path = TouchyFeelyTests.swift; sourceTree = "<group>"; };
		041969E91BFEC38D003FA465 /* Info.plist */ = {isa = PBXFileReference; lastKnownFileType = text.plist.xml; path = Info.plist; sourceTree = "<group>"; };
		041969F21BFEC406003FA465 /* KeyChainStore.swift */ = {isa = PBXFileReference; fileEncoding = 4; lastKnownFileType = sourcecode.swift; path = KeyChainStore.swift; sourceTree = "<group>"; };
/* End PBXFileReference section */

/* Begin PBXFrameworksBuildPhase section */
		041969CC1BFEC38D003FA465 /* Frameworks */ = {
			isa = PBXFrameworksBuildPhase;
			buildActionMask = 2147483647;
			files = (
			);
			runOnlyForDeploymentPostprocessing = 0;
		};
		041969E01BFEC38D003FA465 /* Frameworks */ = {
			isa = PBXFrameworksBuildPhase;
			buildActionMask = 2147483647;
			files = (
			);
			runOnlyForDeploymentPostprocessing = 0;
		};
/* End PBXFrameworksBuildPhase section */

/* Begin PBXGroup section */
		041969C61BFEC38D003FA465 = {
			isa = PBXGroup;
			children = (
				041969D11BFEC38D003FA465 /* TouchyFeely */,
				041969E61BFEC38D003FA465 /* TouchyFeelyTests */,
				041969D01BFEC38D003FA465 /* Products */,
			);
			sourceTree = "<group>";
		};
		041969D01BFEC38D003FA465 /* Products */ = {
			isa = PBXGroup;
			children = (
				041969CF1BFEC38D003FA465 /* TouchyFeely.app */,
				041969E31BFEC38D003FA465 /* TouchyFeelyTests.xctest */,
			);
			name = Products;
			sourceTree = "<group>";
		};
		041969D11BFEC38D003FA465 /* TouchyFeely */ = {
			isa = PBXGroup;
			children = (
				041969F21BFEC406003FA465 /* KeyChainStore.swift */,
				041969D21BFEC38D003FA465 /* AppDelegate.swift */,
				041969D41BFEC38D003FA465 /* ViewController.swift */,
				041969D61BFEC38D003FA465 /* Main.storyboard */,
				041969D91BFEC38D003FA465 /* Assets.xcassets */,
				041969DB1BFEC38D003FA465 /* LaunchScreen.storyboard */,
				041969DE1BFEC38D003FA465 /* Info.plist */,
			);
			path = TouchyFeely;
			sourceTree = "<group>";
		};
		041969E61BFEC38D003FA465 /* TouchyFeelyTests */ = {
			isa = PBXGroup;
			children = (
				041969E71BFEC38D003FA465 /* TouchyFeelyTests.swift */,
				041969E91BFEC38D003FA465 /* Info.plist */,
			);
			path = TouchyFeelyTests;
			sourceTree = "<group>";
		};
/* End PBXGroup section */

/* Begin PBXNativeTarget section */
		041969CE1BFEC38D003FA465 /* TouchyFeely */ = {
			isa = PBXNativeTarget;
			buildConfigurationList = 041969EC1BFEC38D003FA465 /* Build configuration list for PBXNativeTarget "TouchyFeely" */;
			buildPhases = (
				041969CB1BFEC38D003FA465 /* Sources */,
				041969CC1BFEC38D003FA465 /* Frameworks */,
				041969CD1BFEC38D003FA465 /* Resources */,
			);
			buildRules = (
			);
			dependencies = (
			);
			name = TouchyFeely;
			productName = TouchyFeely;
			productReference = 041969CF1BFEC38D003FA465 /* TouchyFeely.app */;
			productType = "com.apple.product-type.application";
		};
		041969E21BFEC38D003FA465 /* TouchyFeelyTests */ = {
			isa = PBXNativeTarget;
			buildConfigurationList = 041969EF1BFEC38D003FA465 /* Build configuration list for PBXNativeTarget "TouchyFeelyTests" */;
			buildPhases = (
				041969DF1BFEC38D003FA465 /* Sources */,
				041969E01BFEC38D003FA465 /* Frameworks */,
				041969E11BFEC38D003FA465 /* Resources */,
			);
			buildRules = (
			);
			dependencies = (
				041969E51BFEC38D003FA465 /* PBXTargetDependency */,
			);
			name = TouchyFeelyTests;
			productName = TouchyFeelyTests;
			productReference = 041969E31BFEC38D003FA465 /* TouchyFeelyTests.xctest */;
			productType = "com.apple.product-type.bundle.unit-test";
		};
/* End PBXNativeTarget section */

/* Begin PBXProject section */
		041969C71BFEC38D003FA465 /* Project object */ = {
			isa = PBXProject;
			attributes = {
				LastSwiftUpdateCheck = 0710;
				LastUpgradeCheck = 0710;
				ORGANIZATIONNAME = wj;
				TargetAttributes = {
					041969CE1BFEC38D003FA465 = {
						CreatedOnToolsVersion = 7.1;
					};
					041969E21BFEC38D003FA465 = {
						CreatedOnToolsVersion = 7.1;
						TestTargetID = 041969CE1BFEC38D003FA465;
					};
				};
			};
			buildConfigurationList = 041969CA1BFEC38D003FA465 /* Build configuration list for PBXProject "TouchyFeely" */;
			compatibilityVersion = "Xcode 3.2";
			developmentRegion = English;
			hasScannedForEncodings = 0;
			knownRegions = (
				en,
				Base,
			);
			mainGroup = 041969C61BFEC38D003FA465;
			productRefGroup = 041969D01BFEC38D003FA465 /* Products */;
			projectDirPath = "";
			projectRoot = "";
			targets = (
				041969CE1BFEC38D003FA465 /* TouchyFeely */,
				041969E21BFEC38D003FA465 /* TouchyFeelyTests */,
			);
		};
/* End PBXProject section */

/* Begin PBXResourcesBuildPhase section */
		041969CD1BFEC38D003FA465 /* Resources */ = {
			isa = PBXResourcesBuildPhase;
			buildActionMask = 2147483647;
			files = (
				041969DD1BFEC38D003FA465 /* LaunchScreen.storyboard in Resources */,
				041969DA1BFEC38D003FA465 /* Assets.xcassets in Resources */,
				041969D81BFEC38D003FA465 /* Main.storyboard in Resources */,
			);
			runOnlyForDeploymentPostprocessing = 0;
		};
		041969E11BFEC38D003FA465 /* Resources */ = {
			isa = PBXResourcesBuildPhase;
			buildActionMask = 2147483647;
			files = (
			);
			runOnlyForDeploymentPostprocessing = 0;
		};
/* End PBXResourcesBuildPhase section */

/* Begin PBXSourcesBuildPhase section */
		041969CB1BFEC38D003FA465 /* Sources */ = {
			isa = PBXSourcesBuildPhase;
			buildActionMask = 2147483647;
			files = (
				041969D51BFEC38D003FA465 /* ViewController.swift in Sources */,
				041969F31BFEC406003FA465 /* KeyChainStore.swift in Sources */,
				041969D31BFEC38D003FA465 /* AppDelegate.swift in Sources */,
			);
			runOnlyForDeploymentPostprocessing = 0;
		};
		041969DF1BFEC38D003FA465 /* Sources */ = {
			isa = PBXSourcesBuildPhase;
			buildActionMask = 2147483647;
			files = (
				041969E81BFEC38D003FA465 /* TouchyFeelyTests.swift in Sources */,
			);
			runOnlyForDeploymentPostprocessing = 0;
		};
/* End PBXSourcesBuildPhase section */

/* Begin PBXTargetDependency section */
		041969E51BFEC38D003FA465 /* PBXTargetDependency */ = {
			isa = PBXTargetDependency;
			target = 041969CE1BFEC38D003FA465 /* TouchyFeely */;
			targetProxy = 041969E41BFEC38D003FA465 /* PBXContainerItemProxy */;
		};
/* End PBXTargetDependency section */

/* Begin PBXVariantGroup section */
		041969D61BFEC38D003FA465 /* Main.storyboard */ = {
			isa = PBXVariantGroup;
			children = (
				041969D71BFEC38D003FA465 /* Base */,
			);
			name = Main.storyboard;
			sourceTree = "<group>";
		};
		041969DB1BFEC38D003FA465 /* LaunchScreen.storyboard */ = {
			isa = PBXVariantGroup;
			children = (
				041969DC1BFEC38D003FA465 /* Base */,
			);
			name = LaunchScreen.storyboard;
			sourceTree = "<group>";
		};
/* End PBXVariantGroup section */

/* Begin XCBuildConfiguration section */
		041969EA1BFEC38D003FA465 /* Debug */ = {
			isa = XCBuildConfiguration;
			buildSettings = {
				ALWAYS_SEARCH_USER_PATHS = NO;
				CLANG_CXX_LANGUAGE_STANDARD = "gnu++0x";
				CLANG_CXX_LIBRARY = "libc++";
				CLANG_ENABLE_MODULES = YES;
				CLANG_ENABLE_OBJC_ARC = YES;
				CLANG_WARN_BOOL_CONVERSION = YES;
				CLANG_WARN_CONSTANT_CONVERSION = YES;
				CLANG_WARN_DIRECT_OBJC_ISA_USAGE = YES_ERROR;
				CLANG_WARN_EMPTY_BODY = YES;
				CLANG_WARN_ENUM_CONVERSION = YES;
				CLANG_WARN_INT_CONVERSION = YES;
				CLANG_WARN_OBJC_ROOT_CLASS = YES_ERROR;
				CLANG_WARN_UNREACHABLE_CODE = YES;
				CLANG_WARN__DUPLICATE_METHOD_MATCH = YES;
				"CODE_SIGN_IDENTITY[sdk=iphoneos*]" = "iPhone Developer";
				COPY_PHASE_STRIP = NO;
				DEBUG_INFORMATION_FORMAT = dwarf;
				ENABLE_STRICT_OBJC_MSGSEND = YES;
				ENABLE_TESTABILITY = YES;
				GCC_C_LANGUAGE_STANDARD = gnu99;
				GCC_DYNAMIC_NO_PIC = NO;
				GCC_NO_COMMON_BLOCKS = YES;
				GCC_OPTIMIZATION_LEVEL = 0;
				GCC_PREPROCESSOR_DEFINITIONS = (
					"DEBUG=1",
					"$(inherited)",
				);
				GCC_WARN_64_TO_32_BIT_CONVERSION = YES;
				GCC_WARN_ABOUT_RETURN_TYPE = YES_ERROR;
				GCC_WARN_UNDECLARED_SELECTOR = YES;
				GCC_WARN_UNINITIALIZED_AUTOS = YES_AGGRESSIVE;
				GCC_WARN_UNUSED_FUNCTION = YES;
				GCC_WARN_UNUSED_VARIABLE = YES;
				IPHONEOS_DEPLOYMENT_TARGET = 9.1;
				MTL_ENABLE_DEBUG_INFO = YES;
				ONLY_ACTIVE_ARCH = YES;
				SDKROOT = iphoneos;
				SWIFT_OPTIMIZATION_LEVEL = "-Onone";
			};
			name = Debug;
		};
		041969EB1BFEC38D003FA465 /* Release */ = {
			isa = XCBuildConfiguration;
			buildSettings = {
				ALWAYS_SEARCH_USER_PATHS = NO;
				CLANG_CXX_LANGUAGE_STANDARD = "gnu++0x";
				CLANG_CXX_LIBRARY = "libc++";
				CLANG_ENABLE_MODULES = YES;
				CLANG_ENABLE_OBJC_ARC = YES;
				CLANG_WARN_BOOL_CONVERSION = YES;
				CLANG_WARN_CONSTANT_CONVERSION = YES;
				CLANG_WARN_DIRECT_OBJC_ISA_USAGE = YES_ERROR;
				CLANG_WARN_EMPTY_BODY = YES;
				CLANG_WARN_ENUM_CONVERSION = YES;
				CLANG_WARN_INT_CONVERSION = YES;
				CLANG_WARN_OBJC_ROOT_CLASS = YES_ERROR;
				CLANG_WARN_UNREACHABLE_CODE = YES;
				CLANG_WARN__DUPLICATE_METHOD_MATCH = YES;
				"CODE_SIGN_IDENTITY[sdk=iphoneos*]" = "iPhone Developer";
				COPY_PHASE_STRIP = NO;
				DEBUG_INFORMATION_FORMAT = "dwarf-with-dsym";
				ENABLE_NS_ASSERTIONS = NO;
				ENABLE_STRICT_OBJC_MSGSEND = YES;
				GCC_C_LANGUAGE_STANDARD = gnu99;
				GCC_NO_COMMON_BLOCKS = YES;
				GCC_WARN_64_TO_32_BIT_CONVERSION = YES;
				GCC_WARN_ABOUT_RETURN_TYPE = YES_ERROR;
				GCC_WARN_UNDECLARED_SELECTOR = YES;
				GCC_WARN_UNINITIALIZED_AUTOS = YES_AGGRESSIVE;
				GCC_WARN_UNUSED_FUNCTION = YES;
				GCC_WARN_UNUSED_VARIABLE = YES;
				IPHONEOS_DEPLOYMENT_TARGET = 9.1;
				MTL_ENABLE_DEBUG_INFO = NO;
				SDKROOT = iphoneos;
				VALIDATE_PRODUCT = YES;
			};
			name = Release;
		};
		041969ED1BFEC38D003FA465 /* Debug */ = {
			isa = XCBuildConfiguration;
			buildSettings = {
				ASSETCATALOG_COMPILER_APPICON_NAME = AppIcon;
				INFOPLIST_FILE = TouchyFeely/Info.plist;
				LD_RUNPATH_SEARCH_PATHS = "$(inherited) @executable_path/Frameworks";
				PRODUCT_BUNDLE_IDENTIFIER = wj.TouchyFeely;
				PRODUCT_NAME = "$(TARGET_NAME)";
			};
			name = Debug;
		};
		041969EE1BFEC38D003FA465 /* Release */ = {
			isa = XCBuildConfiguration;
			buildSettings = {
				ASSETCATALOG_COMPILER_APPICON_NAME = AppIcon;
				INFOPLIST_FILE = TouchyFeely/Info.plist;
				LD_RUNPATH_SEARCH_PATHS = "$(inherited) @executable_path/Frameworks";
				PRODUCT_BUNDLE_IDENTIFIER = wj.TouchyFeely;
				PRODUCT_NAME = "$(TARGET_NAME)";
			};
			name = Release;
		};
		041969F01BFEC38D003FA465 /* Debug */ = {
			isa = XCBuildConfiguration;
			buildSettings = {
				BUNDLE_LOADER = "$(TEST_HOST)";
				INFOPLIST_FILE = TouchyFeelyTests/Info.plist;
				LD_RUNPATH_SEARCH_PATHS = "$(inherited) @executable_path/Frameworks @loader_path/Frameworks";
				PRODUCT_BUNDLE_IDENTIFIER = wj.TouchyFeelyTests;
				PRODUCT_NAME = "$(TARGET_NAME)";
				TEST_HOST = "$(BUILT_PRODUCTS_DIR)/TouchyFeely.app/TouchyFeely";
			};
			name = Debug;
		};
		041969F11BFEC38D003FA465 /* Release */ = {
			isa = XCBuildConfiguration;
			buildSettings = {
				BUNDLE_LOADER = "$(TEST_HOST)";
				INFOPLIST_FILE = TouchyFeelyTests/Info.plist;
				LD_RUNPATH_SEARCH_PATHS = "$(inherited) @executable_path/Frameworks @loader_path/Frameworks";
				PRODUCT_BUNDLE_IDENTIFIER = wj.TouchyFeelyTests;
				PRODUCT_NAME = "$(TARGET_NAME)";
				TEST_HOST = "$(BUILT_PRODUCTS_DIR)/TouchyFeely.app/TouchyFeely";
			};
			name = Release;
		};
/* End XCBuildConfiguration section */

/* Begin XCConfigurationList section */
		041969CA1BFEC38D003FA465 /* Build configuration list for PBXProject "TouchyFeely" */ = {
			isa = XCConfigurationList;
			buildConfigurations = (
				041969EA1BFEC38D003FA465 /* Debug */,
				041969EB1BFEC38D003FA465 /* Release */,
			);
			defaultConfigurationIsVisible = 0;
			defaultConfigurationName = Release;
		};
		041969EC1BFEC38D003FA465 /* Build configuration list for PBXNativeTarget "TouchyFeely" */ = {
			isa = XCConfigurationList;
			buildConfigurations = (
				041969ED1BFEC38D003FA465 /* Debug */,
				041969EE1BFEC38D003FA465 /* Release */,
			);
			defaultConfigurationIsVisible = 0;
		};
		041969EF1BFEC38D003FA465 /* Build configuration list for PBXNativeTarget "TouchyFeelyTests" */ = {
			isa = XCConfigurationList;
			buildConfigurations = (
				041969F01BFEC38D003FA465 /* Debug */,
				041969F11BFEC38D003FA465 /* Release */,
			);
			defaultConfigurationIsVisible = 0;
		};
/* End XCConfigurationList section */
	};
	rootObject = 041969C71BFEC38D003FA465 /* Project object */;
}
